
Microsoft Visual Studio Solution File, Format Version 12.00
# Visual Studio Version 17
VisualStudioVersion = 17.0.32014.148
MinimumVisualStudioVersion = 10.0.40219.1
Project("{FAE04EC0-301F-11D3-BF4B-00C04F79EFBC}") = "IMTSchedulerWorkerService", "IMTSchedulerWorkerService.csproj", "{335168AA-64BC-4715-8A5C-301C34D7B8F6}"
EndProject
Global
	GlobalSection(SolutionConfigurationPlatforms) = preSolution
		Debug|Any CPU = Debug|Any CPU
		Release|Any CPU = Release|Any CPU
	EndGlobalSection
	GlobalSection(ProjectConfigurationPlatforms) = postSolution
		{335168AA-64BC-4715-8A5C-301C34D7B8F6}.Debug|Any CPU.ActiveCfg = Debug|Any CPU
		{335168AA-64BC-4715-8A5C-301C34D7B8F6}.Debug|Any CPU.Build.0 = Debug|Any CPU
		{335168AA-64BC-4715-8A5C-301C34D7B8F6}.Release|Any CPU.ActiveCfg = Release|Any CPU
		{335168AA-64BC-4715-8A5C-301C34D7B8F6}.Release|Any CPU.Build.0 = Release|Any CPU
	EndGlobalSection
	GlobalSection(SolutionProperties) = preSolution
		HideSolutionNode = FALSE
	EndGlobalSection
	GlobalSection(ExtensibilityGlobals) = postSolution
		SolutionGuid = {3ACAC944-5DD8-495C-8F56-4FF35FA4D463}
	EndGlobalSection
EndGlobal
